// !$*UTF8*$!
{
	archiveVersion = 1;
	classes = {
	};
	objectVersion = 56;
	objects = {

/* Begin PBXBuildFile section */
		CB544C342AE1E729008A4030 /* AppDelegate.swift in Sources */ = {isa = PBXBuildFile; fileRef = CB544C332AE1E729008A4030 /* AppDelegate.swift */; };
		CB544C362AE1E729008A4030 /* SceneDelegate.swift in Sources */ = {isa = PBXBuildFile; fileRef = CB544C352AE1E729008A4030 /* SceneDelegate.swift */; };
		CB544C382AE1E729008A4030 /* ViewController.swift in Sources */ = {isa = PBXBuildFile; fileRef = CB544C372AE1E729008A4030 /* ViewController.swift */; };
		CB544C3B2AE1E729008A4030 /* Main.storyboard in Resources */ = {isa = PBXBuildFile; fileRef = CB544C392AE1E729008A4030 /* Main.storyboard */; };
		CB544C3D2AE1E72A008A4030 /* Assets.xcassets in Resources */ = {isa = PBXBuildFile; fileRef = CB544C3C2AE1E72A008A4030 /* Assets.xcassets */; };
		CB544C402AE1E72A008A4030 /* LaunchScreen.storyboard in Resources */ = {isa = PBXBuildFile; fileRef = CB544C3E2AE1E72A008A4030 /* LaunchScreen.storyboard */; };
		CB544C4B2AE1E72A008A4030 /* Hackwich_8Tests.swift in Sources */ = {isa = PBXBuildFile; fileRef = CB544C4A2AE1E72A008A4030 /* Hackwich_8Tests.swift */; };
		CB544C552AE1E72A008A4030 /* Hackwich_8UITests.swift in Sources */ = {isa = PBXBuildFile; fileRef = CB544C542AE1E72A008A4030 /* Hackwich_8UITests.swift */; };
		CB544C572AE1E72A008A4030 /* Hackwich_8UITestsLaunchTests.swift in Sources */ = {isa = PBXBuildFile; fileRef = CB544C562AE1E72A008A4030 /* Hackwich_8UITestsLaunchTests.swift */; };
/* End PBXBuildFile section */

/* Begin PBXContainerItemProxy section */
		CB544C472AE1E72A008A4030 /* PBXContainerItemProxy */ = {
			isa = PBXContainerItemProxy;
			containerPortal = CB544C282AE1E729008A4030 /* Project object */;
			proxyType = 1;
			remoteGlobalIDString = CB544C2F2AE1E729008A4030;
			remoteInfo = "Hackwich 8";
		};
		CB544C512AE1E72A008A4030 /* PBXContainerItemProxy */ = {
			isa = PBXContainerItemProxy;
			containerPortal = CB544C282AE1E729008A4030 /* Project object */;
			proxyType = 1;
			remoteGlobalIDString = CB544C2F2AE1E729008A4030;
			remoteInfo = "Hackwich 8";
		};
/* End PBXContainerItemProxy section */

/* Begin PBXFileReference section */
		CB544C302AE1E729008A4030 /* Hackwich 8.app */ = {isa = PBXFileReference; explicitFileType = wrapper.application; includeInIndex = 0; path = "Hackwich 8.app"; sourceTree = BUILT_PRODUCTS_DIR; };
		CB544C332AE1E729008A4030 /* AppDelegate.swift */ = {isa = PBXFileReference; lastKnownFileType = sourcecode.swift; path = AppDelegate.swift; sourceTree = "<group>"; };
		CB544C352AE1E729008A4030 /* SceneDelegate.swift */ = {isa = PBXFileReference; lastKnownFileType = sourcecode.swift; path = SceneDelegate.swift; sourceTree = "<group>"; };
		CB544C372AE1E729008A4030 /* ViewController.swift */ = {isa = PBXFileReference; lastKnownFileType = sourcecode.swift; path = ViewController.swift; sourceTree = "<group>"; };
		CB544C3A2AE1E729008A4030 /* Base */ = {isa = PBXFileReference; lastKnownFileType = file.storyboard; name = Base; path = Base.lproj/Main.storyboard; sourceTree = "<group>"; };
		CB544C3C2AE1E72A008A4030 /* Assets.xcassets */ = {isa = PBXFileReference; lastKnownFileType = folder.assetcatalog; path = Assets.xcassets; sourceTree = "<group>"; };
		CB544C3F2AE1E72A008A4030 /* Base */ = {isa = PBXFileReference; lastKnownFileType = file.storyboard; name = Base; path = Base.lproj/LaunchScreen.storyboard; sourceTree = "<group>"; };
		CB544C412AE1E72A008A4030 /* Info.plist */ = {isa = PBXFileReference; lastKnownFileType = text.plist.xml; path = Info.plist; sourceTree = "<group>"; };
		CB544C462AE1E72A008A4030 /* Hackwich 8Tests.xctest */ = {isa = PBXFileReference; explicitFileType = wrapper.cfbundle; includeInIndex = 0; path = "Hackwich 8Tests.xctest"; sourceTree = BUILT_PRODUCTS_DIR; };
		CB544C4A2AE1E72A008A4030 /* Hackwich_8Tests.swift */ = {isa = PBXFileReference; lastKnownFileType = sourcecode.swift; path = Hackwich_8Tests.swift; sourceTree = "<group>"; };
		CB544C502AE1E72A008A4030 /* Hackwich 8UITests.xctest */ = {isa = PBXFileReference; explicitFileType = wrapper.cfbundle; includeInIndex = 0; path = "Hackwich 8UITests.xctest"; sourceTree = BUILT_PRODUCTS_DIR; };
		CB544C542AE1E72A008A4030 /* Hackwich_8UITests.swift */ = {isa = PBXFileReference; lastKnownFileType = sourcecode.swift; path = Hackwich_8UITests.swift; sourceTree = "<group>"; };
		CB544C562AE1E72A008A4030 /* Hackwich_8UITestsLaunchTests.swift */ = {isa = PBXFileReference; lastKnownFileType = sourcecode.swift; path = Hackwich_8UITestsLaunchTests.swift; sourceTree = "<group>"; };
/* End PBXFileReference section */

/* Begin PBXFrameworksBuildPhase section */
		CB544C2D2AE1E729008A4030 /* Frameworks */ = {
			isa = PBXFrameworksBuildPhase;
			buildActionMask = 2147483647;
			files = (
			);
			runOnlyForDeploymentPostprocessing = 0;
		};
		CB544C432AE1E72A008A4030 /* Frameworks */ = {
			isa = PBXFrameworksBuildPhase;
			buildActionMask = 2147483647;
			files = (
			);
			runOnlyForDeploymentPostprocessing = 0;
		};
		CB544C4D2AE1E72A008A4030 /* Frameworks */ = {
			isa = PBXFrameworksBuildPhase;
			buildActionMask = 2147483647;
			files = (
			);
			runOnlyForDeploymentPostprocessing = 0;
		};
/* End PBXFrameworksBuildPhase section */

/* Begin PBXGroup section */
		CB544C272AE1E729008A4030 = {
			isa = PBXGroup;
			children = (
				CB544C322AE1E729008A4030 /* Hackwich 8 */,
				CB544C492AE1E72A008A4030 /* Hackwich 8Tests */,
				CB544C532AE1E72A008A4030 /* Hackwich 8UITests */,
				CB544C312AE1E729008A4030 /* Products */,
			);
			sourceTree = "<group>";
		};
		CB544C312AE1E729008A4030 /* Products */ = {
			isa = PBXGroup;
			children = (
				CB544C302AE1E729008A4030 /* Hackwich 8.app */,
				CB544C462AE1E72A008A4030 /* Hackwich 8Tests.xctest */,
				CB544C502AE1E72A008A4030 /* Hackwich 8UITests.xctest */,
			);
			name = Products;
			sourceTree = "<group>";
		};
		CB544C322AE1E729008A4030 /* Hackwich 8 */ = {
			isa = PBXGroup;
			children = (
				CB544C332AE1E729008A4030 /* AppDelegate.swift */,
				CB544C352AE1E729008A4030 /* SceneDelegate.swift */,
				CB544C372AE1E729008A4030 /* ViewController.swift */,
				CB544C392AE1E729008A4030 /* Main.storyboard */,
				CB544C3C2AE1E72A008A4030 /* Assets.xcassets */,
				CB544C3E2AE1E72A008A4030 /* LaunchScreen.storyboard */,
				CB544C412AE1E72A008A4030 /* Info.plist */,
			);
			path = "Hackwich 8";
			sourceTree = "<group>";
		};
		CB544C492AE1E72A008A4030 /* Hackwich 8Tests */ = {
			isa = PBXGroup;
			children = (
				CB544C4A2AE1E72A008A4030 /* Hackwich_8Tests.swift */,
			);
			path = "Hackwich 8Tests";
			sourceTree = "<group>";
		};
		CB544C532AE1E72A008A4030 /* Hackwich 8UITests */ = {
			isa = PBXGroup;
			children = (
				CB544C542AE1E72A008A4030 /* Hackwich_8UITests.swift */,
				CB544C562AE1E72A008A4030 /* Hackwich_8UITestsLaunchTests.swift */,
			);
			path = "Hackwich 8UITests";
			sourceTree = "<group>";
		};
/* End PBXGroup section */

/* Begin PBXNativeTarget section */
		CB544C2F2AE1E729008A4030 /* Hackwich 8 */ = {
			isa = PBXNativeTarget;
			buildConfigurationList = CB544C5A2AE1E72A008A4030 /* Build configuration list for PBXNativeTarget "Hackwich 8" */;
			buildPhases = (
				CB544C2C2AE1E729008A4030 /* Sources */,
				CB544C2D2AE1E729008A4030 /* Frameworks */,
				CB544C2E2AE1E729008A4030 /* Resources */,
			);
			buildRules = (
			);
			dependencies = (
			);
			name = "Hackwich 8";
			productName = "Hackwich 8";
			productReference = CB544C302AE1E729008A4030 /* Hackwich 8.app */;
			productType = "com.apple.product-type.application";
		};
		CB544C452AE1E72A008A4030 /* Hackwich 8Tests */ = {
			isa = PBXNativeTarget;
			buildConfigurationList = CB544C5D2AE1E72A008A4030 /* Build configuration list for PBXNativeTarget "Hackwich 8Tests" */;
			buildPhases = (
				CB544C422AE1E72A008A4030 /* Sources */,
				CB544C432AE1E72A008A4030 /* Frameworks */,
				CB544C442AE1E72A008A4030 /* Resources */,
			);
			buildRules = (
			);
			dependencies = (
				CB544C482AE1E72A008A4030 /* PBXTargetDependency */,
			);
			name = "Hackwich 8Tests";
			productName = "Hackwich 8Tests";
			productReference = CB544C462AE1E72A008A4030 /* Hackwich 8Tests.xctest */;
			productType = "com.apple.product-type.bundle.unit-test";
		};
		CB544C4F2AE1E72A008A4030 /* Hackwich 8UITests */ = {
			isa = PBXNativeTarget;
			buildConfigurationList = CB544C602AE1E72A008A4030 /* Build configuration list for PBXNativeTarget "Hackwich 8UITests" */;
			buildPhases = (
				CB544C4C2AE1E72A008A4030 /* Sources */,
				CB544C4D2AE1E72A008A4030 /* Frameworks */,
				CB544C4E2AE1E72A008A4030 /* Resources */,
			);
			buildRules = (
			);
			dependencies = (
				CB544C522AE1E72A008A4030 /* PBXTargetDependency */,
			);
			name = "Hackwich 8UITests";
			productName = "Hackwich 8UITests";
			productReference = CB544C502AE1E72A008A4030 /* Hackwich 8UITests.xctest */;
			productType = "com.apple.product-type.bundle.ui-testing";
		};
/* End PBXNativeTarget section */

/* Begin PBXProject section */
		CB544C282AE1E729008A4030 /* Project object */ = {
			isa = PBXProject;
			attributes = {
				BuildIndependentTargetsInParallel = 1;
				LastSwiftUpdateCheck = 1500;
				LastUpgradeCheck = 1500;
				TargetAttributes = {
					CB544C2F2AE1E729008A4030 = {
						CreatedOnToolsVersion = 15.0;
					};
					CB544C452AE1E72A008A4030 = {
						CreatedOnToolsVersion = 15.0;
						TestTargetID = CB544C2F2AE1E729008A4030;
					};
					CB544C4F2AE1E72A008A4030 = {
						CreatedOnToolsVersion = 15.0;
						TestTargetID = CB544C2F2AE1E729008A4030;
					};
				};
			};
			buildConfigurationList = CB544C2B2AE1E729008A4030 /* Build configuration list for PBXProject "Hackwich 8" */;
			compatibilityVersion = "Xcode 14.0";
			developmentRegion = en;
			hasScannedForEncodings = 0;
			knownRegions = (
				en,
				Base,
			);
			mainGroup = CB544C272AE1E729008A4030;
			productRefGroup = CB544C312AE1E729008A4030 /* Products */;
			projectDirPath = "";
			projectRoot = "";
			targets = (
				CB544C2F2AE1E729008A4030 /* Hackwich 8 */,
				CB544C452AE1E72A008A4030 /* Hackwich 8Tests */,
				CB544C4F2AE1E72A008A4030 /* Hackwich 8UITests */,
			);
		};
/* End PBXProject section */

/* Begin PBXResourcesBuildPhase section */
		CB544C2E2AE1E729008A4030 /* Resources */ = {
			isa = PBXResourcesBuildPhase;
			buildActionMask = 2147483647;
			files = (
				CB544C402AE1E72A008A4030 /* LaunchScreen.storyboard in Resources */,
				CB544C3D2AE1E72A008A4030 /* Assets.xcassets in Resources */,
				CB544C3B2AE1E729008A4030 /* Main.storyboard in Resources */,
			);
			runOnlyForDeploymentPostprocessing = 0;
		};
		CB544C442AE1E72A008A4030 /* Resources */ = {
			isa = PBXResourcesBuildPhase;
			buildActionMask = 2147483647;
			files = (
			);
			runOnlyForDeploymentPostprocessing = 0;
		};
		CB544C4E2AE1E72A008A4030 /* Resources */ = {
			isa = PBXResourcesBuildPhase;
			buildActionMask = 2147483647;
			files = (
			);
			runOnlyForDeploymentPostprocessing = 0;
		};
/* End PBXResourcesBuildPhase section */

/* Begin PBXSourcesBuildPhase section */
		CB544C2C2AE1E729008A4030 /* Sources */ = {
			isa = PBXSourcesBuildPhase;
			buildActionMask = 2147483647;
			files = (
				CB544C382AE1E729008A4030 /* ViewController.swift in Sources */,
				CB544C342AE1E729008A4030 /* AppDelegate.swift in Sources */,
				CB544C362AE1E729008A4030 /* SceneDelegate.swift in Sources */,
			);
			runOnlyForDeploymentPostprocessing = 0;
		};
		CB544C422AE1E72A008A4030 /* Sources */ = {
			isa = PBXSourcesBuildPhase;
			buildActionMask = 2147483647;
			files = (
				CB544C4B2AE1E72A008A4030 /* Hackwich_8Tests.swift in Sources */,
			);
			runOnlyForDeploymentPostprocessing = 0;
		};
		CB544C4C2AE1E72A008A4030 /* Sources */ = {
			isa = PBXSourcesBuildPhase;
			buildActionMask = 2147483647;
			files = (
				CB544C552AE1E72A008A4030 /* Hackwich_8UITests.swift in Sources */,
				CB544C572AE1E72A008A4030 /* Hackwich_8UITestsLaunchTests.swift in Sources */,
			);
			runOnlyForDeploymentPostprocessing = 0;
		};
/* End PBXSourcesBuildPhase section */

/* Begin PBXTargetDependency section */
		CB544C482AE1E72A008A4030 /* PBXTargetDependency */ = {
			isa = PBXTargetDependency;
			target = CB544C2F2AE1E729008A4030 /* Hackwich 8 */;
			targetProxy = CB544C472AE1E72A008A4030 /* PBXContainerItemProxy */;
		};
		CB544C522AE1E72A008A4030 /* PBXTargetDependency */ = {
			isa = PBXTargetDependency;
			target = CB544C2F2AE1E729008A4030 /* Hackwich 8 */;
			targetProxy = CB544C512AE1E72A008A4030 /* PBXContainerItemProxy */;
		};
/* End PBXTargetDependency section */

/* Begin PBXVariantGroup section */
		CB544C392AE1E729008A4030 /* Main.storyboard */ = {
			isa = PBXVariantGroup;
			children = (
				CB544C3A2AE1E729008A4030 /* Base */,
			);
			name = Main.storyboard;
			sourceTree = "<group>";
		};
		CB544C3E2AE1E72A008A4030 /* LaunchScreen.storyboard */ = {
			isa = PBXVariantGroup;
			children = (
				CB544C3F2AE1E72A008A4030 /* Base */,
			);
			name = LaunchScreen.storyboard;
			sourceTree = "<group>";
		};
/* End PBXVariantGroup section */

/* Begin XCBuildConfiguration section */
		CB544C582AE1E72A008A4030 /* Debug */ = {
			isa = XCBuildConfiguration;
			buildSettings = {
				ALWAYS_SEARCH_USER_PATHS = NO;
				ASSETCATALOG_COMPILER_GENERATE_SWIFT_ASSET_SYMBOL_EXTENSIONS = YES;
				CLANG_ANALYZER_NONNULL = YES;
				CLANG_ANALYZER_NUMBER_OBJECT_CONVERSION = YES_AGGRESSIVE;
				CLANG_CXX_LANGUAGE_STANDARD = "gnu++20";
				CLANG_ENABLE_MODULES = YES;
				CLANG_ENABLE_OBJC_ARC = YES;
				CLANG_ENABLE_OBJC_WEAK = YES;
				CLANG_WARN_BLOCK_CAPTURE_AUTORELEASING = YES;
				CLANG_WARN_BOOL_CONVERSION = YES;
				CLANG_WARN_COMMA = YES;
				CLANG_WARN_CONSTANT_CONVERSION = YES;
				CLANG_WARN_DEPRECATED_OBJC_IMPLEMENTATIONS = YES;
				CLANG_WARN_DIRECT_OBJC_ISA_USAGE = YES_ERROR;
				CLANG_WARN_DOCUMENTATION_COMMENTS = YES;
				CLANG_WARN_EMPTY_BODY = YES;
				CLANG_WARN_ENUM_CONVERSION = YES;
				CLANG_WARN_INFINITE_RECURSION = YES;
				CLANG_WARN_INT_CONVERSION = YES;
				CLANG_WARN_NON_LITERAL_NULL_CONVERSION = YES;
				CLANG_WARN_OBJC_IMPLICIT_RETAIN_SELF = YES;
				CLANG_WARN_OBJC_LITERAL_CONVERSION = YES;
				CLANG_WARN_OBJC_ROOT_CLASS = YES_ERROR;
				CLANG_WARN_QUOTED_INCLUDE_IN_FRAMEWORK_HEADER = YES;
				CLANG_WARN_RANGE_LOOP_ANALYSIS = YES;
				CLANG_WARN_STRICT_PROTOTYPES = YES;
				CLANG_WARN_SUSPICIOUS_MOVE = YES;
				CLANG_WARN_UNGUARDED_AVAILABILITY = YES_AGGRESSIVE;
				CLANG_WARN_UNREACHABLE_CODE = YES;
				CLANG_WARN__DUPLICATE_METHOD_MATCH = YES;
				COPY_PHASE_STRIP = NO;
				DEBUG_INFORMATION_FORMAT = dwarf;
				ENABLE_STRICT_OBJC_MSGSEND = YES;
				ENABLE_TESTABILITY = YES;
				ENABLE_USER_SCRIPT_SANDBOXING = YES;
				GCC_C_LANGUAGE_STANDARD = gnu17;
				GCC_DYNAMIC_NO_PIC = NO;
				GCC_NO_COMMON_BLOCKS = YES;
				GCC_OPTIMIZATION_LEVEL = 0;
				GCC_PREPROCESSOR_DEFINITIONS = (
					"DEBUG=1",
					"$(inherited)",
				);
				GCC_WARN_64_TO_32_BIT_CONVERSION = YES;
				GCC_WARN_ABOUT_RETURN_TYPE = YES_ERROR;
				GCC_WARN_UNDECLARED_SELECTOR = YES;
				GCC_WARN_UNINITIALIZED_AUTOS = YES_AGGRESSIVE;
				GCC_WARN_UNUSED_FUNCTION = YES;
				GCC_WARN_UNUSED_VARIABLE = YES;
				IPHONEOS_DEPLOYMENT_TARGET = 17.0;
				LOCALIZATION_PREFERS_STRING_CATALOGS = YES;
				MTL_ENABLE_DEBUG_INFO = INCLUDE_SOURCE;
				MTL_FAST_MATH = YES;
				ONLY_ACTIVE_ARCH = YES;
				SDKROOT = iphoneos;
				SWIFT_ACTIVE_COMPILATION_CONDITIONS = "DEBUG $(inherited)";
				SWIFT_OPTIMIZATION_LEVEL = "-Onone";
			};
			name = Debug;
		};
		CB544C592AE1E72A008A4030 /* Release */ = {
			isa = XCBuildConfiguration;
			buildSettings = {
				ALWAYS_SEARCH_USER_PATHS = NO;
				ASSETCATALOG_COMPILER_GENERATE_SWIFT_ASSET_SYMBOL_EXTENSIONS = YES;
				CLANG_ANALYZER_NONNULL = YES;
				CLANG_ANALYZER_NUMBER_OBJECT_CONVERSION = YES_AGGRESSIVE;
				CLANG_CXX_LANGUAGE_STANDARD = "gnu++20";
				CLANG_ENABLE_MODULES = YES;
				CLANG_ENABLE_OBJC_ARC = YES;
				CLANG_ENABLE_OBJC_WEAK = YES;
				CLANG_WARN_BLOCK_CAPTURE_AUTORELEASING = YES;
				CLANG_WARN_BOOL_CONVERSION = YES;
				CLANG_WARN_COMMA = YES;
				CLANG_WARN_CONSTANT_CONVERSION = YES;
				CLANG_WARN_DEPRECATED_OBJC_IMPLEMENTATIONS = YES;
				CLANG_WARN_DIRECT_OBJC_ISA_USAGE = YES_ERROR;
				CLANG_WARN_DOCUMENTATION_COMMENTS = YES;
				CLANG_WARN_EMPTY_BODY = YES;
				CLANG_WARN_ENUM_CONVERSION = YES;
				CLANG_WARN_INFINITE_RECURSION = YES;
				CLANG_WARN_INT_CONVERSION = YES;
				CLANG_WARN_NON_LITERAL_NULL_CONVERSION = YES;
				CLANG_WARN_OBJC_IMPLICIT_RETAIN_SELF = YES;
				CLANG_WARN_OBJC_LITERAL_CONVERSION = YES;
				CLANG_WARN_OBJC_ROOT_CLASS = YES_ERROR;
				CLANG_WARN_QUOTED_INCLUDE_IN_FRAMEWORK_HEADER = YES;
				CLANG_WARN_RANGE_LOOP_ANALYSIS = YES;
				CLANG_WARN_STRICT_PROTOTYPES = YES;
				CLANG_WARN_SUSPICIOUS_MOVE = YES;
				CLANG_WARN_UNGUARDED_AVAILABILITY = YES_AGGRESSIVE;
				CLANG_WARN_UNREACHABLE_CODE = YES;
				CLANG_WARN__DUPLICATE_METHOD_MATCH = YES;
				COPY_PHASE_STRIP = NO;
				DEBUG_INFORMATION_FORMAT = "dwarf-with-dsym";
				ENABLE_NS_ASSERTIONS = NO;
				ENABLE_STRICT_OBJC_MSGSEND = YES;
				ENABLE_USER_SCRIPT_SANDBOXING = YES;
				GCC_C_LANGUAGE_STANDARD = gnu17;
				GCC_NO_COMMON_BLOCKS = YES;
				GCC_WARN_64_TO_32_BIT_CONVERSION = YES;
				GCC_WARN_ABOUT_RETURN_TYPE = YES_ERROR;
				GCC_WARN_UNDECLARED_SELECTOR = YES;
				GCC_WARN_UNINITIALIZED_AUTOS = YES_AGGRESSIVE;
				GCC_WARN_UNUSED_FUNCTION = YES;
				GCC_WARN_UNUSED_VARIABLE = YES;
				IPHONEOS_DEPLOYMENT_TARGET = 17.0;
				LOCALIZATION_PREFERS_STRING_CATALOGS = YES;
				MTL_ENABLE_DEBUG_INFO = NO;
				MTL_FAST_MATH = YES;
				SDKROOT = iphoneos;
				SWIFT_COMPILATION_MODE = wholemodule;
				VALIDATE_PRODUCT = YES;
			};
			name = Release;
		};
		CB544C5B2AE1E72A008A4030 /* Debug */ = {
			isa = XCBuildConfiguration;
			buildSettings = {
				ASSETCATALOG_COMPILER_APPICON_NAME = AppIcon;
				ASSETCATALOG_COMPILER_GLOBAL_ACCENT_COLOR_NAME = AccentColor;
				CODE_SIGN_STYLE = Automatic;
				CURRENT_PROJECT_VERSION = 1;
				DEVELOPMENT_TEAM = 249P9RJZMV;
				GENERATE_INFOPLIST_FILE = YES;
				INFOPLIST_FILE = "Hackwich 8/Info.plist";
				INFOPLIST_KEY_UIApplicationSupportsIndirectInputEvents = YES;
				INFOPLIST_KEY_UILaunchStoryboardName = LaunchScreen;
				INFOPLIST_KEY_UIMainStoryboardFile = Main;
				INFOPLIST_KEY_UISupportedInterfaceOrientations_iPad = "UIInterfaceOrientationPortrait UIInterfaceOrientationPortraitUpsideDown UIInterfaceOrientationLandscapeLeft UIInterfaceOrientationLandscapeRight";
				INFOPLIST_KEY_UISupportedInterfaceOrientations_iPhone = "UIInterfaceOrientationPortrait UIInterfaceOrientationLandscapeLeft UIInterfaceOrientationLandscapeRight";
				LD_RUNPATH_SEARCH_PATHS = (
					"$(inherited)",
					"@executable_path/Frameworks",
				);
				MARKETING_VERSION = 1.0;
				PRODUCT_BUNDLE_IDENTIFIER = "UHWO.Hackwich-8";
				PRODUCT_NAME = "$(TARGET_NAME)";
				SWIFT_EMIT_LOC_STRINGS = YES;
				SWIFT_VERSION = 5.0;
				TARGETED_DEVICE_FAMILY = "1,2";
			};
			name = Debug;
		};
		CB544C5C2AE1E72A008A4030 /* Release */ = {
			isa = XCBuildConfiguration;
			buildSettings = {
				ASSETCATALOG_COMPILER_APPICON_NAME = AppIcon;
				ASSETCATALOG_COMPILER_GLOBAL_ACCENT_COLOR_NAME = AccentColor;
				CODE_SIGN_STYLE = Automatic;
				CURRENT_PROJECT_VERSION = 1;
				DEVELOPMENT_TEAM = 249P9RJZMV;
				GENERATE_INFOPLIST_FILE = YES;
				INFOPLIST_FILE = "Hackwich 8/Info.plist";
				INFOPLIST_KEY_UIApplicationSupportsIndirectInputEvents = YES;
				INFOPLIST_KEY_UILaunchStoryboardName = LaunchScreen;
				INFOPLIST_KEY_UIMainStoryboardFile = Main;
				INFOPLIST_KEY_UISupportedInterfaceOrientations_iPad = "UIInterfaceOrientationPortrait UIInterfaceOrientationPortraitUpsideDown UIInterfaceOrientationLandscapeLeft UIInterfaceOrientationLandscapeRight";
				INFOPLIST_KEY_UISupportedInterfaceOrientations_iPhone = "UIInterfaceOrientationPortrait UIInterfaceOrientationLandscapeLeft UIInterfaceOrientationLandscapeRight";
				LD_RUNPATH_SEARCH_PATHS = (
					"$(inherited)",
					"@executable_path/Frameworks",
				);
				MARKETING_VERSION = 1.0;
				PRODUCT_BUNDLE_IDENTIFIER = "UHWO.Hackwich-8";
				PRODUCT_NAME = "$(TARGET_NAME)";
				SWIFT_EMIT_LOC_STRINGS = YES;
				SWIFT_VERSION = 5.0;
				TARGETED_DEVICE_FAMILY = "1,2";
			};
			name = Release;
		};
		CB544C5E2AE1E72A008A4030 /* Debug */ = {
			isa = XCBuildConfiguration;
			buildSettings = {
				ALWAYS_EMBED_SWIFT_STANDARD_LIBRARIES = YES;
				BUNDLE_LOADER = "$(TEST_HOST)";
				CODE_SIGN_STYLE = Automatic;
				CURRENT_PROJECT_VERSION = 1;
				DEVELOPMENT_TEAM = 249P9RJZMV;
				GENERATE_INFOPLIST_FILE = YES;
				IPHONEOS_DEPLOYMENT_TARGET = 17.0;
				MARKETING_VERSION = 1.0;
				PRODUCT_BUNDLE_IDENTIFIER = "UHWO.Hackwich-8Tests";
				PRODUCT_NAME = "$(TARGET_NAME)";
				SWIFT_EMIT_LOC_STRINGS = NO;
				SWIFT_VERSION = 5.0;
				TARGETED_DEVICE_FAMILY = "1,2";
				TEST_HOST = "$(BUILT_PRODUCTS_DIR)/Hackwich 8.app/$(BUNDLE_EXECUTABLE_FOLDER_PATH)/Hackwich 8";
			};
			name = Debug;
		};
		CB544C5F2AE1E72A008A4030 /* Release */ = {
			isa = XCBuildConfiguration;
			buildSettings = {
				ALWAYS_EMBED_SWIFT_STANDARD_LIBRARIES = YES;
				BUNDLE_LOADER = "$(TEST_HOST)";
				CODE_SIGN_STYLE = Automatic;
				CURRENT_PROJECT_VERSION = 1;
				DEVELOPMENT_TEAM = 249P9RJZMV;
				GENERATE_INFOPLIST_FILE = YES;
				IPHONEOS_DEPLOYMENT_TARGET = 17.0;
				MARKETING_VERSION = 1.0;
				PRODUCT_BUNDLE_IDENTIFIER = "UHWO.Hackwich-8Tests";
				PRODUCT_NAME = "$(TARGET_NAME)";
				SWIFT_EMIT_LOC_STRINGS = NO;
				SWIFT_VERSION = 5.0;
				TARGETED_DEVICE_FAMILY = "1,2";
				TEST_HOST = "$(BUILT_PRODUCTS_DIR)/Hackwich 8.app/$(BUNDLE_EXECUTABLE_FOLDER_PATH)/Hackwich 8";
			};
			name = Release;
		};
		CB544C612AE1E72A008A4030 /* Debug */ = {
			isa = XCBuildConfiguration;
			buildSettings = {
				ALWAYS_EMBED_SWIFT_STANDARD_LIBRARIES = YES;
				CODE_SIGN_STYLE = Automatic;
				CURRENT_PROJECT_VERSION = 1;
				DEVELOPMENT_TEAM = 249P9RJZMV;
				GENERATE_INFOPLIST_FILE = YES;
				MARKETING_VERSION = 1.0;
				PRODUCT_BUNDLE_IDENTIFIER = "UHWO.Hackwich-8UITests";
				PRODUCT_NAME = "$(TARGET_NAME)";
				SWIFT_EMIT_LOC_STRINGS = NO;
				SWIFT_VERSION = 5.0;
				TARGETED_DEVICE_FAMILY = "1,2";
				TEST_TARGET_NAME = "Hackwich 8";
			};
			name = Debug;
		};
		CB544C622AE1E72A008A4030 /* Release */ = {
			isa = XCBuildConfiguration;
			buildSettings = {
				ALWAYS_EMBED_SWIFT_STANDARD_LIBRARIES = YES;
				CODE_SIGN_STYLE = Automatic;
				CURRENT_PROJECT_VERSION = 1;
				DEVELOPMENT_TEAM = 249P9RJZMV;
				GENERATE_INFOPLIST_FILE = YES;
				MARKETING_VERSION = 1.0;
				PRODUCT_BUNDLE_IDENTIFIER = "UHWO.Hackwich-8UITests";
				PRODUCT_NAME = "$(TARGET_NAME)";
				SWIFT_EMIT_LOC_STRINGS = NO;
				SWIFT_VERSION = 5.0;
				TARGETED_DEVICE_FAMILY = "1,2";
				TEST_TARGET_NAME = "Hackwich 8";
			};
			name = Release;
		};
/* End XCBuildConfiguration section */

/* Begin XCConfigurationList section */
		CB544C2B2AE1E729008A4030 /* Build configuration list for PBXProject "Hackwich 8" */ = {
			isa = XCConfigurationList;
			buildConfigurations = (
				CB544C582AE1E72A008A4030 /* Debug */,
				CB544C592AE1E72A008A4030 /* Release */,
			);
			defaultConfigurationIsVisible = 0;
			defaultConfigurationName = Release;
		};
		CB544C5A2AE1E72A008A4030 /* Build configuration list for PBXNativeTarget "Hackwich 8" */ = {
			isa = XCConfigurationList;
			buildConfigurations = (
				CB544C5B2AE1E72A008A4030 /* Debug */,
				CB544C5C2AE1E72A008A4030 /* Release */,
			);
			defaultConfigurationIsVisible = 0;
			defaultConfigurationName = Release;
		};
		CB544C5D2AE1E72A008A4030 /* Build configuration list for PBXNativeTarget "Hackwich 8Tests" */ = {
			isa = XCConfigurationList;
			buildConfigurations = (
				CB544C5E2AE1E72A008A4030 /* Debug */,
				CB544C5F2AE1E72A008A4030 /* Release */,
			);
			defaultConfigurationIsVisible = 0;
			defaultConfigurationName = Release;
		};
		CB544C602AE1E72A008A4030 /* Build configuration list for PBXNativeTarget "Hackwich 8UITests" */ = {
			isa = XCConfigurationList;
			buildConfigurations = (
				CB544C612AE1E72A008A4030 /* Debug */,
				CB544C622AE1E72A008A4030 /* Release */,
			);
			defaultConfigurationIsVisible = 0;
			defaultConfigurationName = Release;
		};
/* End XCConfigurationList section */
	};
	rootObject = CB544C282AE1E729008A4030 /* Project object */;
}
